
Microsoft Visual Studio Solution File, Format Version 12.00
Project("{FAE04EC0-301F-11D3-BF4B-00C04F79EFBC}") = "P6-Hotel", "P6-Hotel\P6-Hotel.csproj", "{46862328-7262-4685-A19E-0A6BA37C427B}"
EndProject
Global
	GlobalSection(SolutionConfigurationPlatforms) = preSolution
		Debug|Any CPU = Debug|Any CPU
		Release|Any CPU = Release|Any CPU
	EndGlobalSection
	GlobalSection(ProjectConfigurationPlatforms) = postSolution
		{46862328-7262-4685-A19E-0A6BA37C427B}.Debug|Any CPU.ActiveCfg = Debug|Any CPU
		{46862328-7262-4685-A19E-0A6BA37C427B}.Debug|Any CPU.Build.0 = Debug|Any CPU
		{46862328-7262-4685-A19E-0A6BA37C427B}.Release|Any CPU.ActiveCfg = Release|Any CPU
		{46862328-7262-4685-A19E-0A6BA37C427B}.Release|Any CPU.Build.0 = Release|Any CPU
	EndGlobalSection
EndGlobal
